// !$*UTF8*$!
{
	archiveVersion = 1;
	classes = {
	};
	objectVersion = 50;
	objects = {

/* Begin PBXBuildFile section */
		181474AE26CD7430005BB1FB /* WebView.swift in Sources */ = {isa = PBXBuildFile; fileRef = 181474AD26CD7430005BB1FB /* WebView.swift */; };
		1868443126CD4F1800F020A5 /* TouchTenApp.swift in Sources */ = {isa = PBXBuildFile; fileRef = 1868443026CD4F1800F020A5 /* TouchTenApp.swift */; };
		1868443326CD4F1800F020A5 /* ContentView.swift in Sources */ = {isa = PBXBuildFile; fileRef = 1868443226CD4F1800F020A5 /* ContentView.swift */; };
		1868443526CD4F1900F020A5 /* Assets.xcassets in Resources */ = {isa = PBXBuildFile; fileRef = 1868443426CD4F1900F020A5 /* Assets.xcassets */; };
		1868443826CD4F1900F020A5 /* Preview Assets.xcassets in Resources */ = {isa = PBXBuildFile; fileRef = 1868443726CD4F1900F020A5 /* Preview Assets.xcassets */; };
		1868444226CD521800F020A5 /* Aim.swift in Sources */ = {isa = PBXBuildFile; fileRef = 1868444126CD521800F020A5 /* Aim.swift */; };
		1868444426CD533E00F020A5 /* Model.swift in Sources */ = {isa = PBXBuildFile; fileRef = 1868444326CD533E00F020A5 /* Model.swift */; };
		1868444626CD537D00F020A5 /* GameBehavior.swift in Sources */ = {isa = PBXBuildFile; fileRef = 1868444526CD537D00F020A5 /* GameBehavior.swift */; };
		1868444826CD543800F020A5 /* StartView.swift in Sources */ = {isa = PBXBuildFile; fileRef = 1868444726CD543700F020A5 /* StartView.swift */; };
		1868444A26CD590300F020A5 /* AimBehavior.swift in Sources */ = {isa = PBXBuildFile; fileRef = 1868444926CD590300F020A5 /* AimBehavior.swift */; };
		18EA443926CDB99A001E9A9E /* Onboarding.swift in Sources */ = {isa = PBXBuildFile; fileRef = 18EA443826CDB99A001E9A9E /* Onboarding.swift */; };
/* End PBXBuildFile section */

/* Begin PBXFileReference section */
		181474AD26CD7430005BB1FB /* WebView.swift */ = {isa = PBXFileReference; lastKnownFileType = sourcecode.swift; path = WebView.swift; sourceTree = "<group>"; };
		1868442D26CD4F1800F020A5 /* TouchTen.app */ = {isa = PBXFileReference; explicitFileType = wrapper.application; includeInIndex = 0; path = TouchTen.app; sourceTree = BUILT_PRODUCTS_DIR; };
		1868443026CD4F1800F020A5 /* TouchTenApp.swift */ = {isa = PBXFileReference; lastKnownFileType = sourcecode.swift; path = TouchTenApp.swift; sourceTree = "<group>"; };
		1868443226CD4F1800F020A5 /* ContentView.swift */ = {isa = PBXFileReference; lastKnownFileType = sourcecode.swift; path = ContentView.swift; sourceTree = "<group>"; };
		1868443426CD4F1900F020A5 /* Assets.xcassets */ = {isa = PBXFileReference; lastKnownFileType = folder.assetcatalog; path = Assets.xcassets; sourceTree = "<group>"; };
		1868443726CD4F1900F020A5 /* Preview Assets.xcassets */ = {isa = PBXFileReference; lastKnownFileType = folder.assetcatalog; path = "Preview Assets.xcassets"; sourceTree = "<group>"; };
		1868443926CD4F1900F020A5 /* Info.plist */ = {isa = PBXFileReference; lastKnownFileType = text.plist.xml; path = Info.plist; sourceTree = "<group>"; };
		1868444126CD521800F020A5 /* Aim.swift */ = {isa = PBXFileReference; lastKnownFileType = sourcecode.swift; path = Aim.swift; sourceTree = "<group>"; };
		1868444326CD533E00F020A5 /* Model.swift */ = {isa = PBXFileReference; lastKnownFileType = sourcecode.swift; path = Model.swift; sourceTree = "<group>"; };
		1868444526CD537D00F020A5 /* GameBehavior.swift */ = {isa = PBXFileReference; lastKnownFileType = sourcecode.swift; path = GameBehavior.swift; sourceTree = "<group>"; };
		1868444726CD543700F020A5 /* StartView.swift */ = {isa = PBXFileReference; lastKnownFileType = sourcecode.swift; path = StartView.swift; sourceTree = "<group>"; };
		1868444926CD590300F020A5 /* AimBehavior.swift */ = {isa = PBXFileReference; lastKnownFileType = sourcecode.swift; path = AimBehavior.swift; sourceTree = "<group>"; };
		18EA443826CDB99A001E9A9E /* Onboarding.swift */ = {isa = PBXFileReference; lastKnownFileType = sourcecode.swift; path = Onboarding.swift; sourceTree = "<group>"; };
/* End PBXFileReference section */

/* Begin PBXFrameworksBuildPhase section */
		1868442A26CD4F1800F020A5 /* Frameworks */ = {
			isa = PBXFrameworksBuildPhase;
			buildActionMask = 2147483647;
			files = (
			);
			runOnlyForDeploymentPostprocessing = 0;
		};
/* End PBXFrameworksBuildPhase section */

/* Begin PBXGroup section */
		1868442426CD4F1800F020A5 = {
			isa = PBXGroup;
			children = (
				1868442F26CD4F1800F020A5 /* TouchTen */,
				1868442E26CD4F1800F020A5 /* Products */,
			);
			sourceTree = "<group>";
		};
		1868442E26CD4F1800F020A5 /* Products */ = {
			isa = PBXGroup;
			children = (
				1868442D26CD4F1800F020A5 /* TouchTen.app */,
			);
			name = Products;
			sourceTree = "<group>";
		};
		1868442F26CD4F1800F020A5 /* TouchTen */ = {
			isa = PBXGroup;
			children = (
				1868444026CD520100F020A5 /* View */,
				1868443F26CD51F900F020A5 /* Model */,
				1868443026CD4F1800F020A5 /* TouchTenApp.swift */,
				1868443226CD4F1800F020A5 /* ContentView.swift */,
				1868443426CD4F1900F020A5 /* Assets.xcassets */,
				1868443926CD4F1900F020A5 /* Info.plist */,
				1868443626CD4F1900F020A5 /* Preview Content */,
			);
			path = TouchTen;
			sourceTree = "<group>";
		};
		1868443626CD4F1900F020A5 /* Preview Content */ = {
			isa = PBXGroup;
			children = (
				1868443726CD4F1900F020A5 /* Preview Assets.xcassets */,
			);
			path = "Preview Content";
			sourceTree = "<group>";
		};
		1868443F26CD51F900F020A5 /* Model */ = {
			isa = PBXGroup;
			children = (
				1868444326CD533E00F020A5 /* Model.swift */,
				1868444526CD537D00F020A5 /* GameBehavior.swift */,
				1868444926CD590300F020A5 /* AimBehavior.swift */,
			);
			path = Model;
			sourceTree = "<group>";
		};
		1868444026CD520100F020A5 /* View */ = {
			isa = PBXGroup;
			children = (
				1868444126CD521800F020A5 /* Aim.swift */,
				1868444726CD543700F020A5 /* StartView.swift */,
				181474AD26CD7430005BB1FB /* WebView.swift */,
				18EA443826CDB99A001E9A9E /* Onboarding.swift */,
			);
			path = View;
			sourceTree = "<group>";
		};
/* End PBXGroup section */

/* Begin PBXNativeTarget section */
		1868442C26CD4F1800F020A5 /* TouchTen */ = {
			isa = PBXNativeTarget;
			buildConfigurationList = 1868443C26CD4F1900F020A5 /* Build configuration list for PBXNativeTarget "TouchTen" */;
			buildPhases = (
				1868442926CD4F1800F020A5 /* Sources */,
				1868442A26CD4F1800F020A5 /* Frameworks */,
				1868442B26CD4F1800F020A5 /* Resources */,
			);
			buildRules = (
			);
			dependencies = (
			);
			name = TouchTen;
			productName = TouchTen;
			productReference = 1868442D26CD4F1800F020A5 /* TouchTen.app */;
			productType = "com.apple.product-type.application";
		};
/* End PBXNativeTarget section */

/* Begin PBXProject section */
		1868442526CD4F1800F020A5 /* Project object */ = {
			isa = PBXProject;
			attributes = {
				LastSwiftUpdateCheck = 1250;
				LastUpgradeCheck = 1250;
				TargetAttributes = {
					1868442C26CD4F1800F020A5 = {
						CreatedOnToolsVersion = 12.5.1;
					};
				};
			};
			buildConfigurationList = 1868442826CD4F1800F020A5 /* Build configuration list for PBXProject "TouchTen" */;
			compatibilityVersion = "Xcode 9.3";
			developmentRegion = en;
			hasScannedForEncodings = 0;
			knownRegions = (
				en,
				Base,
			);
			mainGroup = 1868442426CD4F1800F020A5;
			productRefGroup = 1868442E26CD4F1800F020A5 /* Products */;
			projectDirPath = "";
			projectRoot = "";
			targets = (
				1868442C26CD4F1800F020A5 /* TouchTen */,
			);
		};
/* End PBXProject section */

/* Begin PBXResourcesBuildPhase section */
		1868442B26CD4F1800F020A5 /* Resources */ = {
			isa = PBXResourcesBuildPhase;
			buildActionMask = 2147483647;
			files = (
				1868443826CD4F1900F020A5 /* Preview Assets.xcassets in Resources */,
				1868443526CD4F1900F020A5 /* Assets.xcassets in Resources */,
			);
			runOnlyForDeploymentPostprocessing = 0;
		};
/* End PBXResourcesBuildPhase section */

/* Begin PBXSourcesBuildPhase section */
		1868442926CD4F1800F020A5 /* Sources */ = {
			isa = PBXSourcesBuildPhase;
			buildActionMask = 2147483647;
			files = (
				18EA443926CDB99A001E9A9E /* Onboarding.swift in Sources */,
				1868444A26CD590300F020A5 /* AimBehavior.swift in Sources */,
				1868443326CD4F1800F020A5 /* ContentView.swift in Sources */,
				1868444626CD537D00F020A5 /* GameBehavior.swift in Sources */,
				1868444226CD521800F020A5 /* Aim.swift in Sources */,
				1868444826CD543800F020A5 /* StartView.swift in Sources */,
				1868443126CD4F1800F020A5 /* TouchTenApp.swift in Sources */,
				181474AE26CD7430005BB1FB /* WebView.swift in Sources */,
				1868444426CD533E00F020A5 /* Model.swift in Sources */,
			);
			runOnlyForDeploymentPostprocessing = 0;
		};
/* End PBXSourcesBuildPhase section */

/* Begin XCBuildConfiguration section */
		1868443A26CD4F1900F020A5 /* Debug */ = {
			isa = XCBuildConfiguration;
			buildSettings = {
				ALWAYS_SEARCH_USER_PATHS = NO;
				CLANG_ANALYZER_NONNULL = YES;
				CLANG_ANALYZER_NUMBER_OBJECT_CONVERSION = YES_AGGRESSIVE;
				CLANG_CXX_LANGUAGE_STANDARD = "gnu++14";
				CLANG_CXX_LIBRARY = "libc++";
				CLANG_ENABLE_MODULES = YES;
				CLANG_ENABLE_OBJC_ARC = YES;
				CLANG_ENABLE_OBJC_WEAK = YES;
				CLANG_WARN_BLOCK_CAPTURE_AUTORELEASING = YES;
				CLANG_WARN_BOOL_CONVERSION = YES;
				CLANG_WARN_COMMA = YES;
				CLANG_WARN_CONSTANT_CONVERSION = YES;
				CLANG_WARN_DEPRECATED_OBJC_IMPLEMENTATIONS = YES;
				CLANG_WARN_DIRECT_OBJC_ISA_USAGE = YES_ERROR;
				CLANG_WARN_DOCUMENTATION_COMMENTS = YES;
				CLANG_WARN_EMPTY_BODY = YES;
				CLANG_WARN_ENUM_CONVERSION = YES;
				CLANG_WARN_INFINITE_RECURSION = YES;
				CLANG_WARN_INT_CONVERSION = YES;
				CLANG_WARN_NON_LITERAL_NULL_CONVERSION = YES;
				CLANG_WARN_OBJC_IMPLICIT_RETAIN_SELF = YES;
				CLANG_WARN_OBJC_LITERAL_CONVERSION = YES;
				CLANG_WARN_OBJC_ROOT_CLASS = YES_ERROR;
				CLANG_WARN_QUOTED_INCLUDE_IN_FRAMEWORK_HEADER = YES;
				CLANG_WARN_RANGE_LOOP_ANALYSIS = YES;
				CLANG_WARN_STRICT_PROTOTYPES = YES;
				CLANG_WARN_SUSPICIOUS_MOVE = YES;
				CLANG_WARN_UNGUARDED_AVAILABILITY = YES_AGGRESSIVE;
				CLANG_WARN_UNREACHABLE_CODE = YES;
				CLANG_WARN__DUPLICATE_METHOD_MATCH = YES;
				COPY_PHASE_STRIP = NO;
				DEBUG_INFORMATION_FORMAT = dwarf;
				ENABLE_STRICT_OBJC_MSGSEND = YES;
				ENABLE_TESTABILITY = YES;
				GCC_C_LANGUAGE_STANDARD = gnu11;
				GCC_DYNAMIC_NO_PIC = NO;
				GCC_NO_COMMON_BLOCKS = YES;
				GCC_OPTIMIZATION_LEVEL = 0;
				GCC_PREPROCESSOR_DEFINITIONS = (
					"DEBUG=1",
					"$(inherited)",
				);
				GCC_WARN_64_TO_32_BIT_CONVERSION = YES;
				GCC_WARN_ABOUT_RETURN_TYPE = YES_ERROR;
				GCC_WARN_UNDECLARED_SELECTOR = YES;
				GCC_WARN_UNINITIALIZED_AUTOS = YES_AGGRESSIVE;
				GCC_WARN_UNUSED_FUNCTION = YES;
				GCC_WARN_UNUSED_VARIABLE = YES;
				IPHONEOS_DEPLOYMENT_TARGET = 14.5;
				MTL_ENABLE_DEBUG_INFO = INCLUDE_SOURCE;
				MTL_FAST_MATH = YES;
				ONLY_ACTIVE_ARCH = YES;
				SDKROOT = iphoneos;
				SWIFT_ACTIVE_COMPILATION_CONDITIONS = DEBUG;
				SWIFT_OPTIMIZATION_LEVEL = "-Onone";
			};
			name = Debug;
		};
		1868443B26CD4F1900F020A5 /* Release */ = {
			isa = XCBuildConfiguration;
			buildSettings = {
				ALWAYS_SEARCH_USER_PATHS = NO;
				CLANG_ANALYZER_NONNULL = YES;
				CLANG_ANALYZER_NUMBER_OBJECT_CONVERSION = YES_AGGRESSIVE;
				CLANG_CXX_LANGUAGE_STANDARD = "gnu++14";
				CLANG_CXX_LIBRARY = "libc++";
				CLANG_ENABLE_MODULES = YES;
				CLANG_ENABLE_OBJC_ARC = YES;
				CLANG_ENABLE_OBJC_WEAK = YES;
				CLANG_WARN_BLOCK_CAPTURE_AUTORELEASING = YES;
				CLANG_WARN_BOOL_CONVERSION = YES;
				CLANG_WARN_COMMA = YES;
				CLANG_WARN_CONSTANT_CONVERSION = YES;
				CLANG_WARN_DEPRECATED_OBJC_IMPLEMENTATIONS = YES;
				CLANG_WARN_DIRECT_OBJC_ISA_USAGE = YES_ERROR;
				CLANG_WARN_DOCUMENTATION_COMMENTS = YES;
				CLANG_WARN_EMPTY_BODY = YES;
				CLANG_WARN_ENUM_CONVERSION = YES;
				CLANG_WARN_INFINITE_RECURSION = YES;
				CLANG_WARN_INT_CONVERSION = YES;
				CLANG_WARN_NON_LITERAL_NULL_CONVERSION = YES;
				CLANG_WARN_OBJC_IMPLICIT_RETAIN_SELF = YES;
				CLANG_WARN_OBJC_LITERAL_CONVERSION = YES;
				CLANG_WARN_OBJC_ROOT_CLASS = YES_ERROR;
				CLANG_WARN_QUOTED_INCLUDE_IN_FRAMEWORK_HEADER = YES;
				CLANG_WARN_RANGE_LOOP_ANALYSIS = YES;
				CLANG_WARN_STRICT_PROTOTYPES = YES;
				CLANG_WARN_SUSPICIOUS_MOVE = YES;
				CLANG_WARN_UNGUARDED_AVAILABILITY = YES_AGGRESSIVE;
				CLANG_WARN_UNREACHABLE_CODE = YES;
				CLANG_WARN__DUPLICATE_METHOD_MATCH = YES;
				COPY_PHASE_STRIP = NO;
				DEBUG_INFORMATION_FORMAT = "dwarf-with-dsym";
				ENABLE_NS_ASSERTIONS = NO;
				ENABLE_STRICT_OBJC_MSGSEND = YES;
				GCC_C_LANGUAGE_STANDARD = gnu11;
				GCC_NO_COMMON_BLOCKS = YES;
				GCC_WARN_64_TO_32_BIT_CONVERSION = YES;
				GCC_WARN_ABOUT_RETURN_TYPE = YES_ERROR;
				GCC_WARN_UNDECLARED_SELECTOR = YES;
				GCC_WARN_UNINITIALIZED_AUTOS = YES_AGGRESSIVE;
				GCC_WARN_UNUSED_FUNCTION = YES;
				GCC_WARN_UNUSED_VARIABLE = YES;
				IPHONEOS_DEPLOYMENT_TARGET = 14.5;
				MTL_ENABLE_DEBUG_INFO = NO;
				MTL_FAST_MATH = YES;
				SDKROOT = iphoneos;
				SWIFT_COMPILATION_MODE = wholemodule;
				SWIFT_OPTIMIZATION_LEVEL = "-O";
				VALIDATE_PRODUCT = YES;
			};
			name = Release;
		};
		1868443D26CD4F1900F020A5 /* Debug */ = {
			isa = XCBuildConfiguration;
			buildSettings = {
				ASSETCATALOG_COMPILER_APPICON_NAME = AppIcon;
				ASSETCATALOG_COMPILER_GLOBAL_ACCENT_COLOR_NAME = AccentColor;
				CODE_SIGN_STYLE = Automatic;
				DEVELOPMENT_ASSET_PATHS = "\"TouchTen/Preview Content\"";
				DEVELOPMENT_TEAM = S2CLJTKCFC;
				ENABLE_PREVIEWS = YES;
				INFOPLIST_FILE = TouchTen/Info.plist;
				IPHONEOS_DEPLOYMENT_TARGET = 14.0;
				LD_RUNPATH_SEARCH_PATHS = (
					"$(inherited)",
					"@executable_path/Frameworks",
				);
				PRODUCT_BUNDLE_IDENTIFIER = Hakoda.TouchTen;
				PRODUCT_NAME = "$(TARGET_NAME)";
				SWIFT_VERSION = 5.0;
				TARGETED_DEVICE_FAMILY = "1,2";
			};
			name = Debug;
		};
		1868443E26CD4F1900F020A5 /* Release */ = {
			isa = XCBuildConfiguration;
			buildSettings = {
				ASSETCATALOG_COMPILER_APPICON_NAME = AppIcon;
				ASSETCATALOG_COMPILER_GLOBAL_ACCENT_COLOR_NAME = AccentColor;
				CODE_SIGN_STYLE = Automatic;
				DEVELOPMENT_ASSET_PATHS = "\"TouchTen/Preview Content\"";
				DEVELOPMENT_TEAM = S2CLJTKCFC;
				ENABLE_PREVIEWS = YES;
				INFOPLIST_FILE = TouchTen/Info.plist;
				IPHONEOS_DEPLOYMENT_TARGET = 14.0;
				LD_RUNPATH_SEARCH_PATHS = (
					"$(inherited)",
					"@executable_path/Frameworks",
				);
				PRODUCT_BUNDLE_IDENTIFIER = Hakoda.TouchTen;
				PRODUCT_NAME = "$(TARGET_NAME)";
				SWIFT_VERSION = 5.0;
				TARGETED_DEVICE_FAMILY = "1,2";
			};
			name = Release;
		};
/* End XCBuildConfiguration section */

/* Begin XCConfigurationList section */
		1868442826CD4F1800F020A5 /* Build configuration list for PBXProject "TouchTen" */ = {
			isa = XCConfigurationList;
			buildConfigurations = (
				1868443A26CD4F1900F020A5 /* Debug */,
				1868443B26CD4F1900F020A5 /* Release */,
			);
			defaultConfigurationIsVisible = 0;
			defaultConfigurationName = Release;
		};
		1868443C26CD4F1900F020A5 /* Build configuration list for PBXNativeTarget "TouchTen" */ = {
			isa = XCConfigurationList;
			buildConfigurations = (
				1868443D26CD4F1900F020A5 /* Debug */,
				1868443E26CD4F1900F020A5 /* Release */,
			);
			defaultConfigurationIsVisible = 0;
			defaultConfigurationName = Release;
		};
/* End XCConfigurationList section */
	};
	rootObject = 1868442526CD4F1800F020A5 /* Project object */;
}
